{
  "name": "eve-esi-client-mongo-provider",
  "version": "0.1.1",
  "lockfileVersion": 1,
  "requires": true,
  "dependencies": {
    "@types/bson": {
      "version": "4.0.2",
      "resolved": "https://registry.npmjs.org/@types/bson/-/bson-4.0.2.tgz",
      "integrity": "sha512-+uWmsejEHfmSjyyM/LkrP0orfE2m5Mx9Xel4tXNeqi1ldK5XMQcDsFkBmLDtuyKUbxj2jGDo0H240fbCRJZo7Q==",
      "dev": true,
      "requires": {
        "@types/node": "*"
      }
    },
    "@types/mongodb": {
      "version": "3.5.26",
      "resolved": "https://registry.npmjs.org/@types/mongodb/-/mongodb-3.5.26.tgz",
      "integrity": "sha512-p0X2VJgIBNHfNBdZdzzG8eQ/3bf6mQoXDT0UhVyVEdSzXEa1+2pFcwGvEZp72sjztyBwfRKlgrXMjCVavLcuGg==",
      "dev": true,
      "requires": {
        "@types/bson": "*",
        "@types/node": "*"
      }
    },
    "@types/mongoose": {
      "version": "5.7.36",
      "resolved": "https://registry.npmjs.org/@types/mongoose/-/mongoose-5.7.36.tgz",
      "integrity": "sha512-ggFXgvkHgCNlT35B9d/heDYfSqOSwTmQjkRoR32sObGV5Xjd0N0WWuYlLzqeCg94j4hYN/OZxZ1VNNLltX/IVQ==",
      "dev": true,
      "requires": {
        "@types/mongodb": "*",
        "@types/node": "*"
      }
    },
    "@types/node": {
      "version": "13.13.1",
      "resolved": "https://registry.npmjs.org/@types/node/-/node-13.13.1.tgz",
      "integrity": "sha512-uysqysLJ+As9jqI5yqjwP3QJrhOcUwBjHUlUxPxjbplwKoILvXVsmYWEhfmAQlrPfbRZmhJB007o4L9sKqtHqQ==",
      "dev": true
    },
    "typescript": {
      "version": "3.8.3",
      "resolved": "https://registry.npmjs.org/typescript/-/typescript-3.8.3.tgz",
      "integrity": "sha512-MYlEfn5VrLNsgudQTVJeNaQFUAI7DkhnOjdpAp4T+ku1TfQClewlbSuTVHiA+8skNBgaf02TL/kLOvig4y3G8w==",
      "dev": true
    }
  }
}
